
Microsoft Visual Studio Solution File, Format Version 12.00
# Visual Studio Version 17
VisualStudioVersion = 17.9.34728.123
MinimumVisualStudioVersion = 10.0.40219.1
Project("{FAE04EC0-301F-11D3-BF4B-00C04F79EFBC}") = "IdentityManager", "IdentityManager\IdentityManager.csproj", "{09417D59-B542-4E62-80BD-D4E2780C8032}"
EndProject
Global
	GlobalSection(SolutionConfigurationPlatforms) = preSolution
		Debug|Any CPU = Debug|Any CPU
		Release|Any CPU = Release|Any CPU
	EndGlobalSection
	GlobalSection(ProjectConfigurationPlatforms) = postSolution
		{09417D59-B542-4E62-80BD-D4E2780C8032}.Debug|Any CPU.ActiveCfg = Debug|Any CPU
		{09417D59-B542-4E62-80BD-D4E2780C8032}.Debug|Any CPU.Build.0 = Debug|Any CPU
		{09417D59-B542-4E62-80BD-D4E2780C8032}.Release|Any CPU.ActiveCfg = Release|Any CPU
		{09417D59-B542-4E62-80BD-D4E2780C8032}.Release|Any CPU.Build.0 = Release|Any CPU
	EndGlobalSection
	GlobalSection(SolutionProperties) = preSolution
		HideSolutionNode = FALSE
	EndGlobalSection
	GlobalSection(ExtensibilityGlobals) = postSolution
		SolutionGuid = {7C08AD96-C729-4F00-8167-5FBCE72CD028}
	EndGlobalSection
EndGlobal
